{
  "lockfileVersion": 1,
  "configVersion": 1,
  "workspaces": {
    "": {
      "name": "skill-benchmarks",
      "dependencies": {
        "js-yaml": "^5.3.0",
        "oxc-parser": "^0.147.0",
      },
      "devDependencies": {
        "@types/node": "^22.13.0",
        "bun-types": "^1.3.14",
        "typescript": "^5.7.3",
      },
    },
  },
  "packages": {
    "@oxc-parser/binding-android-arm-eabi": ["@oxc-parser/binding-android-arm-eabi@0.147.0", "", { "os": "android", "cpu": "arm" }, "sha512-fOtoGvIoirkvxQVw9J1WJPxz571XPgLsPf9uhRD+PJteUnvrJHMDmK9pw2yZEGGyismtRoEsp+JcXUdF/JDMDw=="],

    "@oxc-parser/binding-android-arm64": ["@oxc-parser/binding-android-arm64@0.147.0", "", { "os": "android", "cpu": "arm64" }, "sha512-emjQHOYJaomo4ykaXQ1EItunr/I94Nk01oqBmU4dSkKSTupIDx6OysVDf2e8Eytm77rb+4ZxzgElyWP7rcEX7A=="],

    "@oxc-parser/binding-darwin-arm64": ["@oxc-parser/binding-darwin-arm64@0.147.0", "", { "os": "darwin", "cpu": "arm64" }, "sha512-kXvBPJL7RmDPJ2mze/vXPPVQimCDtFr9OFLjf7dyhV5Dx64cgcXh9KKrA1sMWvCObvJll9CZZUO0FBlFwD0l6A=="],

    "@oxc-parser/binding-darwin-x64": ["@oxc-parser/binding-darwin-x64@0.147.0", "", { "os": "darwin", "cpu": "x64" }, "sha512-mgFF8pLU6R64LbT27lSrtVRspVC/3IcZ0qyIikzmi78Y3Ik2OPnlAHHI0UEBRcC3qmNgtjaef7zkFt7/uPxIcw=="],

    "@oxc-parser/binding-freebsd-x64": ["@oxc-parser/binding-freebsd-x64@0.147.0", "", { "os": "freebsd", "cpu": "x64" }, "sha512-v38aiF11qufOTBcCAKL4skgQf0zJ4NEvRlivq7B5kHrlyvjCLjvNrMtNWDTz1SDUL6/xVsJRmLDxv2e+Cp4oWw=="],

    "@oxc-parser/binding-linux-arm-gnueabihf": ["@oxc-parser/binding-linux-arm-gnueabihf@0.147.0", "", { "os": "linux", "cpu": "arm" }, "sha512-AeIiBbwUaP0H1+4/qGW9l5qHecS/+XA5iMuieVcGb1T+tyc2dVGspFW13BWk/XrLsiGP/CiDJTJqAPLLCzZHkw=="],

    "@oxc-parser/binding-linux-arm-musleabihf": ["@oxc-parser/binding-linux-arm-musleabihf@0.147.0", "", { "os": "linux", "cpu": "arm" }, "sha512-/41MKPW4RgPY4DJco0NCF0RYX3IMZaVlRNMNzvhaxRavc7tN3Txm+qllZbh0aMRs0VHdgUlbI8TcAOiTai4TKg=="],

    "@oxc-parser/binding-linux-arm64-gnu": ["@oxc-parser/binding-linux-arm64-gnu@0.147.0", "", { "os": "linux", "cpu": "arm64" }, "sha512-bmpw/RPhVXgZbtb3xBDuwW5s8+LvZYdqcDSX/sP2ltL77aTio3DP/B5ZTwwgoJ6Mr9vJs4RrmgEKW9XkLNUU1g=="],

    "@oxc-parser/binding-linux-arm64-musl": ["@oxc-parser/binding-linux-arm64-musl@0.147.0", "", { "os": "linux", "cpu": "arm64" }, "sha512-gd7VX/FDVOw6mjQcu45iIcp4QkgybgJwh3a0OFG2NxmPCj628mQWD96QGu1kK8+mZF9qK4b/gIEyC63vQoB7+Q=="],

    "@oxc-parser/binding-linux-ppc64-gnu": ["@oxc-parser/binding-linux-ppc64-gnu@0.147.0", "", { "os": "linux", "cpu": "ppc64" }, "sha512-HnAzcfki7dSUNHf510Q2NmbJlz8Ys7rn8l9l588Pkx0tYe1BHLZnmELIgqizJ4WPhHGSwN8Ce+B/menVxS3odA=="],

    "@oxc-parser/binding-linux-riscv64-gnu": ["@oxc-parser/binding-linux-riscv64-gnu@0.147.0", "", { "os": "linux", "cpu": "none" }, "sha512-qlkOL6wT44U+fT5s/+sR6Shx0OdwvQF83JyIPZUxG/ovqZF5/7atOtjH+JPZ5/7ATQLbFBBSmghcy/+2NVB/ew=="],

    "@oxc-parser/binding-linux-riscv64-musl": ["@oxc-parser/binding-linux-riscv64-musl@0.147.0", "", { "os": "linux", "cpu": "none" }, "sha512-DlefD7L7sMXs/3hIBH23Egk0phj8kG0SA81dVGOQ3S1ekjOlmTLH2E+F2Thwfh1slKx6aH+lNc5fQYAw0GU7/g=="],

    "@oxc-parser/binding-linux-s390x-gnu": ["@oxc-parser/binding-linux-s390x-gnu@0.147.0", "", { "os": "linux", "cpu": "s390x" }, "sha512-Xqpagk/031IvZ4svrk2FF01YEqM/iN3MJV3SVZadKg/CsGlDCGoREqKHXYnoV5+8SfGe/m6RM1szXFLusTu/Uw=="],

    "@oxc-parser/binding-linux-x64-gnu": ["@oxc-parser/binding-linux-x64-gnu@0.147.0", "", { "os": "linux", "cpu": "x64" }, "sha512-QioQOeUbI4ATUr0S2z88uA3Cds2R3Mm5Ge7U8XNYtlTb2GJF3rWlcj70z0AJhhOlbdm0YgVjqPBldUNbFylDIg=="],

    "@oxc-parser/binding-linux-x64-musl": ["@oxc-parser/binding-linux-x64-musl@0.147.0", "", { "os": "linux", "cpu": "x64" }, "sha512-NXy1tv/OdC+pPTwf9RiCZWPK53V/Xq/2cjSnjOSyKopajdaDqMIkgtDY+jXZemp2e8px5FeWfY2L2LwhKZQovg=="],

    "@oxc-parser/binding-openharmony-arm64": ["@oxc-parser/binding-openharmony-arm64@0.147.0", "", { "os": "none", "cpu": "arm64" }, "sha512-GpGWZ6oKz4bjCWW9Mz5pCaGPyk2Aaze6zEoaslIQqpSLtpx5pXj/ap5gUNb5Jn2LIbqWyjkGLX9yv3NMuNcBVQ=="],

    "@oxc-parser/binding-win32-arm64-msvc": ["@oxc-parser/binding-win32-arm64-msvc@0.147.0", "", { "os": "win32", "cpu": "arm64" }, "sha512-a8mlt7CC8z7LUdCfaxhff4kCd+vSjE+NEFL0cxA8ukfuSnvAto/pWTjytW4BuVLnQGcCVdHJwcRKOfs++H+tjw=="],

    "@oxc-parser/binding-win32-ia32-msvc": ["@oxc-parser/binding-win32-ia32-msvc@0.147.0", "", { "os": "win32", "cpu": "ia32" }, "sha512-M5ViVDBcFLnl2632AuuWuP35zEL5oikK1jTx8r3+902VEDeSNHxFZAB6RZyfZ7MU6Oi5QTOG8MmMkIeHsudSaw=="],

    "@oxc-parser/binding-win32-x64-msvc": ["@oxc-parser/binding-win32-x64-msvc@0.147.0", "", { "os": "win32", "cpu": "x64" }, "sha512-DUaE13OwnUSlHpLZNcC/nuT10ivlWqc5EZgsfgXuAmWYw0r3nDxGeLD1zlGwYwIgVk1/ZMAxoXpV+05stvbHaA=="],

    "@oxc-project/types": ["@oxc-project/types@0.147.0", "", {}, "sha512-IJ3s6ltHLp45S0bh7phkX+gJO7A1Wuz2EaqpAhb8WjqDwbzMiWKHhyyT42tskaWjEYXtHtVCPpnBJVT9+dcRLg=="],

    "@types/node": ["@types/node@22.20.1", "", { "dependencies": { "undici-types": "~6.21.0" } }, "sha512-EANqOCF9QFyra+4pfxUcX9STKJpCLjMbObVzljIJomAWSnuSIEAvyzEU53GaajbXJEgdh0iEcPL+DGvpUd4k1Q=="],

    "argparse": ["argparse@2.0.1", "", {}, "sha512-8+9WqebbFzpX9OR+Wa6O29asIogeRMzcGtAINdpMHHyAg10f05aSFVBbcEqGf/PXw1EjAZ+q2/bEBg3DvurK3Q=="],

    "bun-types": ["bun-types@1.4.0", "", { "dependencies": { "@types/node": "*" } }, "sha512-iIKw23BspnQQYd3prITOBxeUsxBHnwzX6YJfGMuNOZzeNcMmVqzIIVGRm1l69ogaPQmb4wB6BN8mA5bE9YuC5Q=="],

    "js-yaml": ["js-yaml@5.3.0", "", { "dependencies": { "argparse": "^2.0.1" }, "bin": { "js-yaml": "bin/js-yaml.mjs" } }, "sha512-muutsYr+e2+d3rTgUGslq5rxbBlUy3cJ61IsHag2QNDQV+7zXWjkUpmALIajhrlLlrgRUiymj6U3zUr/TMK84Q=="],

    "oxc-parser": ["oxc-parser@0.147.0", "", { "dependencies": { "@oxc-project/types": "^0.147.0" }, "optionalDependencies": { "@oxc-parser/binding-android-arm-eabi": "0.147.0", "@oxc-parser/binding-android-arm64": "0.147.0", "@oxc-parser/binding-darwin-arm64": "0.147.0", "@oxc-parser/binding-darwin-x64": "0.147.0", "@oxc-parser/binding-freebsd-x64": "0.147.0", "@oxc-parser/binding-linux-arm-gnueabihf": "0.147.0", "@oxc-parser/binding-linux-arm-musleabihf": "0.147.0", "@oxc-parser/binding-linux-arm64-gnu": "0.147.0", "@oxc-parser/binding-linux-arm64-musl": "0.147.0", "@oxc-parser/binding-linux-ppc64-gnu": "0.147.0", "@oxc-parser/binding-linux-riscv64-gnu": "0.147.0", "@oxc-parser/binding-linux-riscv64-musl": "0.147.0", "@oxc-parser/binding-linux-s390x-gnu": "0.147.0", "@oxc-parser/binding-linux-x64-gnu": "0.147.0", "@oxc-parser/binding-linux-x64-musl": "0.147.0", "@oxc-parser/binding-openharmony-arm64": "0.147.0", "@oxc-parser/binding-win32-arm64-msvc": "0.147.0", "@oxc-parser/binding-win32-ia32-msvc": "0.147.0", "@oxc-parser/binding-win32-x64-msvc": "0.147.0" } }, "sha512-5xaug6t7GfV3BO5Iv+xHW1rmQkDEQ3BEu3L8g3InsvWO5i8CYGc4tCZ2X985QcwWNycFJam+aOns6Nr2XAThTA=="],

    "typescript": ["typescript@5.9.3", "", { "bin": { "tsc": "bin/tsc", "tsserver": "bin/tsserver" } }, "sha512-jl1vZzPDinLr9eUt3J/t7V6FgNEw9QjvBPdysz9KfQDD41fQrC2Y4vKQdiaUpFT4bXlb1RHhLpp8wtm6M5TgSw=="],

    "undici-types": ["undici-types@6.21.0", "", {}, "sha512-iwDZqg0QAGrg9Rav5H4n0M64c3mkR59cJ6wQp+7C4nI0gsmExaedaYLNO44eT4AtBBwjbTiGPMlt2Md0T9H9JQ=="],
  }
}
